// !$*UTF8*$!
{
	archiveVersion = 1;
	classes = {
	};
	objectVersion = 46;
	objects = {

/* Begin PBXBuildFile section */
		24B495FE1B56C916005EC321 /* XMLDictionary.h in Headers */ = {isa = PBXBuildFile; fileRef = 24B495FC1B56C916005EC321 /* XMLDictionary.h */; settings = {ATTRIBUTES = (Public, ); }; };
		24B495FF1B56C916005EC321 /* XMLDictionary.h in Headers */ = {isa = PBXBuildFile; fileRef = 24B495FC1B56C916005EC321 /* XMLDictionary.h */; settings = {ATTRIBUTES = (Public, ); }; };
		24B496001B56C916005EC321 /* XMLDictionary.m in Sources */ = {isa = PBXBuildFile; fileRef = 24B495FD1B56C916005EC321 /* XMLDictionary.m */; };
		24B496011B56C916005EC321 /* XMLDictionary.m in Sources */ = {isa = PBXBuildFile; fileRef = 24B495FD1B56C916005EC321 /* XMLDictionary.m */; };
		24ECDE5D1BC8FED800F0CB1E /* XMLDictionary.m in Sources */ = {isa = PBXBuildFile; fileRef = 24B495FD1B56C916005EC321 /* XMLDictionary.m */; };
		24ECDE601BC8FED800F0CB1E /* XMLDictionary.h in Headers */ = {isa = PBXBuildFile; fileRef = 24B495FC1B56C916005EC321 /* XMLDictionary.h */; settings = {ATTRIBUTES = (Public, ); }; };
/* End PBXBuildFile section */

/* Begin PBXFileReference section */
		247985071D9EB58E0046AACE /* Debug.xcconfig */ = {isa = PBXFileReference; lastKnownFileType = text.xcconfig; path = Debug.xcconfig; sourceTree = "<group>"; };
		2479850A1D9EB58E0046AACE /* iOS Application.xcconfig */ = {isa = PBXFileReference; lastKnownFileType = text.xcconfig; path = "iOS Application.xcconfig"; sourceTree = "<group>"; };
		2479850B1D9EB58E0046AACE /* iOS Bundle.xcconfig */ = {isa = PBXFileReference; lastKnownFileType = text.xcconfig; path = "iOS Bundle.xcconfig"; sourceTree = "<group>"; };
		2479850C1D9EB58E0046AACE /* iOS Extension.xcconfig */ = {isa = PBXFileReference; lastKnownFileType = text.xcconfig; path = "iOS Extension.xcconfig"; sourceTree = "<group>"; };
		2479850D1D9EB58E0046AACE /* iOS Framework.xcconfig */ = {isa = PBXFileReference; lastKnownFileType = text.xcconfig; path = "iOS Framework.xcconfig"; sourceTree = "<group>"; };
		2479850E1D9EB58E0046AACE /* iOS Static Library.xcconfig */ = {isa = PBXFileReference; lastKnownFileType = text.xcconfig; path = "iOS Static Library.xcconfig"; sourceTree = "<group>"; };
		2479850F1D9EB58E0046AACE /* iOS Tests.xcconfig */ = {isa = PBXFileReference; lastKnownFileType = text.xcconfig; path = "iOS Tests.xcconfig"; sourceTree = "<group>"; };
		247985101D9EB58E0046AACE /* iOS UI Tests.xcconfig */ = {isa = PBXFileReference; lastKnownFileType = text.xcconfig; path = "iOS UI Tests.xcconfig"; sourceTree = "<group>"; };
		247985111D9EB58E0046AACE /* iOS.xcconfig */ = {isa = PBXFileReference; lastKnownFileType = text.xcconfig; path = iOS.xcconfig; sourceTree = "<group>"; };
		247985131D9EB58E0046AACE /* macOS Application.xcconfig */ = {isa = PBXFileReference; lastKnownFileType = text.xcconfig; path = "macOS Application.xcconfig"; sourceTree = "<group>"; };
		247985141D9EB58E0046AACE /* macOS Extension.xcconfig */ = {isa = PBXFileReference; lastKnownFileType = text.xcconfig; path = "macOS Extension.xcconfig"; sourceTree = "<group>"; };
		247985151D9EB58E0046AACE /* macOS Framework.xcconfig */ = {isa = PBXFileReference; lastKnownFileType = text.xcconfig; path = "macOS Framework.xcconfig"; sourceTree = "<group>"; };
		247985161D9EB58E0046AACE /* macOS Tests.xcconfig */ = {isa = PBXFileReference; lastKnownFileType = text.xcconfig; path = "macOS Tests.xcconfig"; sourceTree = "<group>"; };
		247985171D9EB58E0046AACE /* macOS UI Tests.xcconfig */ = {isa = PBXFileReference; lastKnownFileType = text.xcconfig; path = "macOS UI Tests.xcconfig"; sourceTree = "<group>"; };
		247985181D9EB58E0046AACE /* macOS.xcconfig */ = {isa = PBXFileReference; lastKnownFileType = text.xcconfig; path = macOS.xcconfig; sourceTree = "<group>"; };
		247985191D9EB58E0046AACE /* Release.xcconfig */ = {isa = PBXFileReference; lastKnownFileType = text.xcconfig; path = Release.xcconfig; sourceTree = "<group>"; };
		247985221D9EB58E0046AACE /* tvOS Application.xcconfig */ = {isa = PBXFileReference; lastKnownFileType = text.xcconfig; path = "tvOS Application.xcconfig"; sourceTree = "<group>"; };
		247985231D9EB58E0046AACE /* tvOS Extension.xcconfig */ = {isa = PBXFileReference; lastKnownFileType = text.xcconfig; path = "tvOS Extension.xcconfig"; sourceTree = "<group>"; };
		247985241D9EB58E0046AACE /* tvOS Framework.xcconfig */ = {isa = PBXFileReference; lastKnownFileType = text.xcconfig; path = "tvOS Framework.xcconfig"; sourceTree = "<group>"; };
		247985251D9EB58E0046AACE /* tvOS Tests.xcconfig */ = {isa = PBXFileReference; lastKnownFileType = text.xcconfig; path = "tvOS Tests.xcconfig"; sourceTree = "<group>"; };
		247985261D9EB58E0046AACE /* tvOS UI Tests.xcconfig */ = {isa = PBXFileReference; lastKnownFileType = text.xcconfig; path = "tvOS UI Tests.xcconfig"; sourceTree = "<group>"; };
		247985271D9EB58E0046AACE /* tvOS.xcconfig */ = {isa = PBXFileReference; lastKnownFileType = text.xcconfig; path = tvOS.xcconfig; sourceTree = "<group>"; };
		247985291D9EB58E0046AACE /* watchOS Application.xcconfig */ = {isa = PBXFileReference; lastKnownFileType = text.xcconfig; path = "watchOS Application.xcconfig"; sourceTree = "<group>"; };
		2479852A1D9EB58E0046AACE /* watchOS Extension.xcconfig */ = {isa = PBXFileReference; lastKnownFileType = text.xcconfig; path = "watchOS Extension.xcconfig"; sourceTree = "<group>"; };
		2479852B1D9EB58E0046AACE /* watchOS Framework.xcconfig */ = {isa = PBXFileReference; lastKnownFileType = text.xcconfig; path = "watchOS Framework.xcconfig"; sourceTree = "<group>"; };
		2479852C1D9EB58E0046AACE /* watchOS.xcconfig */ = {isa = PBXFileReference; lastKnownFileType = text.xcconfig; path = watchOS.xcconfig; sourceTree = "<group>"; };
		24B495C11B56C834005EC321 /* XMLDictionary.framework */ = {isa = PBXFileReference; explicitFileType = wrapper.framework; includeInIndex = 0; path = XMLDictionary.framework; sourceTree = BUILT_PRODUCTS_DIR; };
		24B495E21B56C8F5005EC321 /* XMLDictionary.framework */ = {isa = PBXFileReference; explicitFileType = wrapper.framework; includeInIndex = 0; path = XMLDictionary.framework; sourceTree = BUILT_PRODUCTS_DIR; };
		24B495FC1B56C916005EC321 /* XMLDictionary.h */ = {isa = PBXFileReference; fileEncoding = 4; lastKnownFileType = sourcecode.c.h; path = XMLDictionary.h; sourceTree = "<group>"; };
		24B495FD1B56C916005EC321 /* XMLDictionary.m */ = {isa = PBXFileReference; fileEncoding = 4; lastKnownFileType = sourcecode.c.objc; path = XMLDictionary.m; sourceTree = "<group>"; };
		24B496021B56C929005EC321 /* Info.plist */ = {isa = PBXFileReference; lastKnownFileType = text.plist.xml; path = Info.plist; sourceTree = SOURCE_ROOT; };
		24ECDE651BC8FED800F0CB1E /* XMLDictionary.framework */ = {isa = PBXFileReference; explicitFileType = wrapper.framework; includeInIndex = 0; path = XMLDictionary.framework; sourceTree = BUILT_PRODUCTS_DIR; };
/* End PBXFileReference section */

/* Begin PBXFrameworksBuildPhase section */
		24B495BD1B56C834005EC321 /* Frameworks */ = {
			isa = PBXFrameworksBuildPhase;
			buildActionMask = 2147483647;
			files = (
			);
			runOnlyForDeploymentPostprocessing = 0;
		};
		24B495DE1B56C8F5005EC321 /* Frameworks */ = {
			isa = PBXFrameworksBuildPhase;
			buildActionMask = 2147483647;
			files = (
			);
			runOnlyForDeploymentPostprocessing = 0;
		};
		24ECDE5E1BC8FED800F0CB1E /* Frameworks */ = {
			isa = PBXFrameworksBuildPhase;
			buildActionMask = 2147483647;
			files = (
			);
			runOnlyForDeploymentPostprocessing = 0;
		};
/* End PBXFrameworksBuildPhase section */

/* Begin PBXGroup section */
		247985051D9EB58E0046AACE /* Configurations */ = {
			isa = PBXGroup;
			children = (
				247985071D9EB58E0046AACE /* Debug.xcconfig */,
				247985091D9EB58E0046AACE /* iOS */,
				247985121D9EB58E0046AACE /* macOS */,
				247985191D9EB58E0046AACE /* Release.xcconfig */,
				247985211D9EB58E0046AACE /* tvOS */,
				247985281D9EB58E0046AACE /* watchOS */,
			);
			path = Configurations;
			sourceTree = "<group>";
		};
		247985091D9EB58E0046AACE /* iOS */ = {
			isa = PBXGroup;
			children = (
				2479850A1D9EB58E0046AACE /* iOS Application.xcconfig */,
				2479850B1D9EB58E0046AACE /* iOS Bundle.xcconfig */,
				2479850C1D9EB58E0046AACE /* iOS Extension.xcconfig */,
				2479850D1D9EB58E0046AACE /* iOS Framework.xcconfig */,
				2479850E1D9EB58E0046AACE /* iOS Static Library.xcconfig */,
				2479850F1D9EB58E0046AACE /* iOS Tests.xcconfig */,
				247985101D9EB58E0046AACE /* iOS UI Tests.xcconfig */,
				247985111D9EB58E0046AACE /* iOS.xcconfig */,
			);
			path = iOS;
			sourceTree = "<group>";
		};
		247985121D9EB58E0046AACE /* macOS */ = {
			isa = PBXGroup;
			children = (
				247985131D9EB58E0046AACE /* macOS Application.xcconfig */,
				247985141D9EB58E0046AACE /* macOS Extension.xcconfig */,
				247985151D9EB58E0046AACE /* macOS Framework.xcconfig */,
				247985161D9EB58E0046AACE /* macOS Tests.xcconfig */,
				247985171D9EB58E0046AACE /* macOS UI Tests.xcconfig */,
				247985181D9EB58E0046AACE /* macOS.xcconfig */,
			);
			path = macOS;
			sourceTree = "<group>";
		};
		247985211D9EB58E0046AACE /* tvOS */ = {
			isa = PBXGroup;
			children = (
				247985221D9EB58E0046AACE /* tvOS Application.xcconfig */,
				247985231D9EB58E0046AACE /* tvOS Extension.xcconfig */,
				247985241D9EB58E0046AACE /* tvOS Framework.xcconfig */,
				247985251D9EB58E0046AACE /* tvOS Tests.xcconfig */,
				247985261D9EB58E0046AACE /* tvOS UI Tests.xcconfig */,
				247985271D9EB58E0046AACE /* tvOS.xcconfig */,
			);
			path = tvOS;
			sourceTree = "<group>";
		};
		247985281D9EB58E0046AACE /* watchOS */ = {
			isa = PBXGroup;
			children = (
				247985291D9EB58E0046AACE /* watchOS Application.xcconfig */,
				2479852A1D9EB58E0046AACE /* watchOS Extension.xcconfig */,
				2479852B1D9EB58E0046AACE /* watchOS Framework.xcconfig */,
				2479852C1D9EB58E0046AACE /* watchOS.xcconfig */,
			);
			path = watchOS;
			sourceTree = "<group>";
		};
		24B495B71B56C834005EC321 = {
			isa = PBXGroup;
			children = (
				24B495FB1B56C916005EC321 /* XMLDictionary */,
				247985051D9EB58E0046AACE /* Configurations */,
				24B495C21B56C834005EC321 /* Products */,
			);
			sourceTree = "<group>";
		};
		24B495C21B56C834005EC321 /* Products */ = {
			isa = PBXGroup;
			children = (
				24B495C11B56C834005EC321 /* XMLDictionary.framework */,
				24B495E21B56C8F5005EC321 /* XMLDictionary.framework */,
				24ECDE651BC8FED800F0CB1E /* XMLDictionary.framework */,
			);
			name = Products;
			sourceTree = "<group>";
		};
		24B495FB1B56C916005EC321 /* XMLDictionary */ = {
			isa = PBXGroup;
			children = (
				24B495FC1B56C916005EC321 /* XMLDictionary.h */,
				24B495FD1B56C916005EC321 /* XMLDictionary.m */,
				24B496021B56C929005EC321 /* Info.plist */,
			);
			name = XMLDictionary;
			path = XMLDictionary/XMLDictionary;
			sourceTree = "<group>";
		};
/* End PBXGroup section */

/* Begin PBXHeadersBuildPhase section */
		24B495BE1B56C834005EC321 /* Headers */ = {
			isa = PBXHeadersBuildPhase;
			buildActionMask = 2147483647;
			files = (
				24B495FE1B56C916005EC321 /* XMLDictionary.h in Headers */,
			);
			runOnlyForDeploymentPostprocessing = 0;
		};
		24B495DF1B56C8F5005EC321 /* Headers */ = {
			isa = PBXHeadersBuildPhase;
			buildActionMask = 2147483647;
			files = (
				24B495FF1B56C916005EC321 /* XMLDictionary.h in Headers */,
			);
			runOnlyForDeploymentPostprocessing = 0;
		};
		24ECDE5F1BC8FED800F0CB1E /* Headers */ = {
			isa = PBXHeadersBuildPhase;
			buildActionMask = 2147483647;
			files = (
				24ECDE601BC8FED800F0CB1E /* XMLDictionary.h in Headers */,
			);
			runOnlyForDeploymentPostprocessing = 0;
		};
/* End PBXHeadersBuildPhase section */

/* Begin PBXNativeTarget section */
		24B495C01B56C834005EC321 /* XMLDictionary iOS */ = {
			isa = PBXNativeTarget;
			buildConfigurationList = 24B495D71B56C834005EC321 /* Build configuration list for PBXNativeTarget "XMLDictionary iOS" */;
			buildPhases = (
				24B495BC1B56C834005EC321 /* Sources */,
				24B495BD1B56C834005EC321 /* Frameworks */,
				24B495BE1B56C834005EC321 /* Headers */,
				24B495BF1B56C834005EC321 /* Resources */,
			);
			buildRules = (
			);
			dependencies = (
			);
			name = "XMLDictionary iOS";
			productName = XMLDictionary;
			productReference = 24B495C11B56C834005EC321 /* XMLDictionary.framework */;
			productType = "com.apple.product-type.framework";
		};
		24B495E11B56C8F5005EC321 /* XMLDictionary OS X */ = {
			isa = PBXNativeTarget;
			buildConfigurationList = 24B495F51B56C8F5005EC321 /* Build configuration list for PBXNativeTarget "XMLDictionary OS X" */;
			buildPhases = (
				24B495DD1B56C8F5005EC321 /* Sources */,
				24B495DE1B56C8F5005EC321 /* Frameworks */,
				24B495DF1B56C8F5005EC321 /* Headers */,
				24B495E01B56C8F5005EC321 /* Resources */,
			);
			buildRules = (
			);
			dependencies = (
			);
			name = "XMLDictionary OS X";
			productName = "XMLDictionary OS X";
			productReference = 24B495E21B56C8F5005EC321 /* XMLDictionary.framework */;
			productType = "com.apple.product-type.framework";
		};
		24ECDE5B1BC8FED800F0CB1E /* XMLDictionary tvOS */ = {
			isa = PBXNativeTarget;
			buildConfigurationList = 24ECDE621BC8FED800F0CB1E /* Build configuration list for PBXNativeTarget "XMLDictionary tvOS" */;
			buildPhases = (
				24ECDE5C1BC8FED800F0CB1E /* Sources */,
				24ECDE5E1BC8FED800F0CB1E /* Frameworks */,
				24ECDE5F1BC8FED800F0CB1E /* Headers */,
				24ECDE611BC8FED800F0CB1E /* Resources */,
			);
			buildRules = (
			);
			dependencies = (
			);
			name = "XMLDictionary tvOS";
			productName = XMLDictionary;
			productReference = 24ECDE651BC8FED800F0CB1E /* XMLDictionary.framework */;
			productType = "com.apple.product-type.framework";
		};
/* End PBXNativeTarget section */

/* Begin PBXProject section */
		24B495B81B56C834005EC321 /* Project object */ = {
			isa = PBXProject;
			attributes = {
				LastUpgradeCheck = 0700;
				ORGANIZATIONNAME = "Daniel Tull";
				TargetAttributes = {
					24B495C01B56C834005EC321 = {
						CreatedOnToolsVersion = 6.4;
					};
					24B495E11B56C8F5005EC321 = {
						CreatedOnToolsVersion = 6.4;
					};
				};
			};
			buildConfigurationList = 24B495BB1B56C834005EC321 /* Build configuration list for PBXProject "XMLDictionary" */;
			compatibilityVersion = "Xcode 3.2";
			developmentRegion = English;
			hasScannedForEncodings = 0;
			knownRegions = (
				en,
			);
			mainGroup = 24B495B71B56C834005EC321;
			productRefGroup = 24B495C21B56C834005EC321 /* Products */;
			projectDirPath = "";
			projectRoot = "";
			targets = (
				24B495C01B56C834005EC321 /* XMLDictionary iOS */,
				24B495E11B56C8F5005EC321 /* XMLDictionary OS X */,
				24ECDE5B1BC8FED800F0CB1E /* XMLDictionary tvOS */,
			);
		};
/* End PBXProject section */

/* Begin PBXResourcesBuildPhase section */
		24B495BF1B56C834005EC321 /* Resources */ = {
			isa = PBXResourcesBuildPhase;
			buildActionMask = 2147483647;
			files = (
			);
			runOnlyForDeploymentPostprocessing = 0;
		};
		24B495E01B56C8F5005EC321 /* Resources */ = {
			isa = PBXResourcesBuildPhase;
			buildActionMask = 2147483647;
			files = (
			);
			runOnlyForDeploymentPostprocessing = 0;
		};
		24ECDE611BC8FED800F0CB1E /* Resources */ = {
			isa = PBXResourcesBuildPhase;
			buildActionMask = 2147483647;
			files = (
			);
			runOnlyForDeploymentPostprocessing = 0;
		};
/* End PBXResourcesBuildPhase section */

/* Begin PBXSourcesBuildPhase section */
		24B495BC1B56C834005EC321 /* Sources */ = {
			isa = PBXSourcesBuildPhase;
			buildActionMask = 2147483647;
			files = (
				24B496001B56C916005EC321 /* XMLDictionary.m in Sources */,
			);
			runOnlyForDeploymentPostprocessing = 0;
		};
		24B495DD1B56C8F5005EC321 /* Sources */ = {
			isa = PBXSourcesBuildPhase;
			buildActionMask = 2147483647;
			files = (
				24B496011B56C916005EC321 /* XMLDictionary.m in Sources */,
			);
			runOnlyForDeploymentPostprocessing = 0;
		};
		24ECDE5C1BC8FED800F0CB1E /* Sources */ = {
			isa = PBXSourcesBuildPhase;
			buildActionMask = 2147483647;
			files = (
				24ECDE5D1BC8FED800F0CB1E /* XMLDictionary.m in Sources */,
			);
			runOnlyForDeploymentPostprocessing = 0;
		};
/* End PBXSourcesBuildPhase section */

/* Begin XCBuildConfiguration section */
		24B495D51B56C834005EC321 /* Debug */ = {
			isa = XCBuildConfiguration;
			baseConfigurationReference = 247985071D9EB58E0046AACE /* Debug.xcconfig */;
			buildSettings = {
				CURRENT_PROJECT_VERSION = 1;
				ENABLE_TESTABILITY = YES;
				ONLY_ACTIVE_ARCH = YES;
				PRODUCT_BUNDLE_IDENTIFIER = "uk.co.danieltull.$(PRODUCT_NAME:rfc1034identifier)";
			};
			name = Debug;
		};
		24B495D61B56C834005EC321 /* Release */ = {
			isa = XCBuildConfiguration;
			baseConfigurationReference = 247985191D9EB58E0046AACE /* Release.xcconfig */;
			buildSettings = {
				CURRENT_PROJECT_VERSION = 1;
				PRODUCT_BUNDLE_IDENTIFIER = "uk.co.danieltull.$(PRODUCT_NAME:rfc1034identifier)";
			};
			name = Release;
		};
		24B495D81B56C834005EC321 /* Debug */ = {
			isa = XCBuildConfiguration;
			baseConfigurationReference = 2479850D1D9EB58E0046AACE /* iOS Framework.xcconfig */;
			buildSettings = {
				DYLIB_COMPATIBILITY_VERSION = 1;
				DYLIB_CURRENT_VERSION = 1;
				INFOPLIST_FILE = Info.plist;
				PRODUCT_NAME = XMLDictionary;
			};
			name = Debug;
		};
		24B495D91B56C834005EC321 /* Release */ = {
			isa = XCBuildConfiguration;
			baseConfigurationReference = 2479850D1D9EB58E0046AACE /* iOS Framework.xcconfig */;
			buildSettings = {
				DYLIB_COMPATIBILITY_VERSION = 1;
				DYLIB_CURRENT_VERSION = 1;
				INFOPLIST_FILE = Info.plist;
				PRODUCT_NAME = XMLDictionary;
			};
			name = Release;
		};
		24B495F61B56C8F5005EC321 /* Debug */ = {
			isa = XCBuildConfiguration;
			baseConfigurationReference = 247985151D9EB58E0046AACE /* macOS Framework.xcconfig */;
			buildSettings = {
				DYLIB_COMPATIBILITY_VERSION = 1;
				DYLIB_CURRENT_VERSION = 1;
				INFOPLIST_FILE = Info.plist;
				PRODUCT_NAME = XMLDictionary;
			};
			name = Debug;
		};
		24B495F71B56C8F5005EC321 /* Release */ = {
			isa = XCBuildConfiguration;
			baseConfigurationReference = 247985151D9EB58E0046AACE /* macOS Framework.xcconfig */;
			buildSettings = {
				DYLIB_COMPATIBILITY_VERSION = 1;
				DYLIB_CURRENT_VERSION = 1;
				INFOPLIST_FILE = Info.plist;
				PRODUCT_NAME = XMLDictionary;
			};
			name = Release;
		};
		24ECDE631BC8FED800F0CB1E /* Debug */ = {
			isa = XCBuildConfiguration;
			baseConfigurationReference = 247985241D9EB58E0046AACE /* tvOS Framework.xcconfig */;
			buildSettings = {
				DYLIB_COMPATIBILITY_VERSION = 1;
				DYLIB_CURRENT_VERSION = 1;
				INFOPLIST_FILE = Info.plist;
				PRODUCT_NAME = XMLDictionary;
			};
			name = Debug;
		};
		24ECDE641BC8FED800F0CB1E /* Release */ = {
			isa = XCBuildConfiguration;
			baseConfigurationReference = 247985241D9EB58E0046AACE /* tvOS Framework.xcconfig */;
			buildSettings = {
				DYLIB_COMPATIBILITY_VERSION = 1;
				DYLIB_CURRENT_VERSION = 1;
				INFOPLIST_FILE = Info.plist;
				PRODUCT_NAME = XMLDictionary;
			};
			name = Release;
		};
/* End XCBuildConfiguration section */

/* Begin XCConfigurationList section */
		24B495BB1B56C834005EC321 /* Build configuration list for PBXProject "XMLDictionary" */ = {
			isa = XCConfigurationList;
			buildConfigurations = (
				24B495D51B56C834005EC321 /* Debug */,
				24B495D61B56C834005EC321 /* Release */,
			);
			defaultConfigurationIsVisible = 0;
			defaultConfigurationName = Release;
		};
		24B495D71B56C834005EC321 /* Build configuration list for PBXNativeTarget "XMLDictionary iOS" */ = {
			isa = XCConfigurationList;
			buildConfigurations = (
				24B495D81B56C834005EC321 /* Debug */,
				24B495D91B56C834005EC321 /* Release */,
			);
			defaultConfigurationIsVisible = 0;
			defaultConfigurationName = Release;
		};
		24B495F51B56C8F5005EC321 /* Build configuration list for PBXNativeTarget "XMLDictionary OS X" */ = {
			isa = XCConfigurationList;
			buildConfigurations = (
				24B495F61B56C8F5005EC321 /* Debug */,
				24B495F71B56C8F5005EC321 /* Release */,
			);
			defaultConfigurationIsVisible = 0;
			defaultConfigurationName = Release;
		};
		24ECDE621BC8FED800F0CB1E /* Build configuration list for PBXNativeTarget "XMLDictionary tvOS" */ = {
			isa = XCConfigurationList;
			buildConfigurations = (
				24ECDE631BC8FED800F0CB1E /* Debug */,
				24ECDE641BC8FED800F0CB1E /* Release */,
			);
			defaultConfigurationIsVisible = 0;
			defaultConfigurationName = Release;
		};
/* End XCConfigurationList section */
	};
	rootObject = 24B495B81B56C834005EC321 /* Project object */;
}
